PODS:
  - Kiwi (2.4.0)
  - YTXModule (0.1.0)

DEPENDENCIES:
  - Kiwi
  - YTXModule (from `../`)

EXTERNAL SOURCES:
  YTXModule:
    :path: ../

SPEC CHECKSUMS:
  Kiwi: f49c9d54b28917df5928fe44968a39ed198cb8a8
  YTXModule: 608cc142f9385914bf68ba88de6e5952b0f42d7c

PODFILE CHECKSUM: e54680759022baf41e82692dcd55abb3f21bda82

COCOAPODS: 1.0.1
